// !$*UTF8*$!
{
	archiveVersion = 1;
	classes = {
	};
	objectVersion = 50;
	objects = {

/* Begin PBXBuildFile section */
		A1C862A020F200560053907F /* AppDelegate.swift in Sources */ = {isa = PBXBuildFile; fileRef = A1C8629F20F200560053907F /* AppDelegate.swift */; };
		A1C862A220F200560053907F /* ViewController.swift in Sources */ = {isa = PBXBuildFile; fileRef = A1C862A120F200560053907F /* ViewController.swift */; };
		A1C862A520F200560053907F /* Main.storyboard in Resources */ = {isa = PBXBuildFile; fileRef = A1C862A320F200560053907F /* Main.storyboard */; };
		A1C862A720F200570053907F /* Assets.xcassets in Resources */ = {isa = PBXBuildFile; fileRef = A1C862A620F200570053907F /* Assets.xcassets */; };
		A1C862AA20F200570053907F /* LaunchScreen.storyboard in Resources */ = {isa = PBXBuildFile; fileRef = A1C862A820F200570053907F /* LaunchScreen.storyboard */; };
		A1C862B520F200570053907F /* POPListTests.swift in Sources */ = {isa = PBXBuildFile; fileRef = A1C862B420F200570053907F /* POPListTests.swift */; };
		A1C862C020F200570053907F /* POPListUITests.swift in Sources */ = {isa = PBXBuildFile; fileRef = A1C862BF20F200570053907F /* POPListUITests.swift */; };
		A1C862CE20F2038F0053907F /* TimelineTableViewController.swift in Sources */ = {isa = PBXBuildFile; fileRef = A1C862CD20F2038F0053907F /* TimelineTableViewController.swift */; };
		A1C862D220F205580053907F /* ContainContents.swift in Sources */ = {isa = PBXBuildFile; fileRef = A1C862D120F205580053907F /* ContainContents.swift */; };
		A1C862D520F205A40053907F /* TimelineContents.swift in Sources */ = {isa = PBXBuildFile; fileRef = A1C862D420F205A40053907F /* TimelineContents.swift */; };
		A1C862D720F206130053907F /* Content.swift in Sources */ = {isa = PBXBuildFile; fileRef = A1C862D620F206130053907F /* Content.swift */; };
		A1C862DF20F207B10053907F /* 3.m4v in Resources */ = {isa = PBXBuildFile; fileRef = A1C862DA20F207B10053907F /* 3.m4v */; };
		A1C862E020F207B10053907F /* 2.jpg in Resources */ = {isa = PBXBuildFile; fileRef = A1C862DC20F207B10053907F /* 2.jpg */; };
		A1C862E120F207B10053907F /* 1.jpg in Resources */ = {isa = PBXBuildFile; fileRef = A1C862DD20F207B10053907F /* 1.jpg */; };
		A1C862E220F207B10053907F /* 0.jpg in Resources */ = {isa = PBXBuildFile; fileRef = A1C862DE20F207B10053907F /* 0.jpg */; };
		A1C862E520F20AF80053907F /* TimelineTableViewCell.swift in Sources */ = {isa = PBXBuildFile; fileRef = A1C862E420F20AF80053907F /* TimelineTableViewCell.swift */; };
		A1C862E720F20DC00053907F /* CanShowDetail.swift in Sources */ = {isa = PBXBuildFile; fileRef = A1C862E620F20DC00053907F /* CanShowDetail.swift */; };
		A1C862E920F212C60053907F /* MediaContainer.swift in Sources */ = {isa = PBXBuildFile; fileRef = A1C862E820F212C60053907F /* MediaContainer.swift */; };
		A1C862EB20F213490053907F /* ContentPresentable.swift in Sources */ = {isa = PBXBuildFile; fileRef = A1C862EA20F213490053907F /* ContentPresentable.swift */; };
/* End PBXBuildFile section */

/* Begin PBXContainerItemProxy section */
		A1C862B120F200570053907F /* PBXContainerItemProxy */ = {
			isa = PBXContainerItemProxy;
			containerPortal = A1C8629420F200560053907F /* Project object */;
			proxyType = 1;
			remoteGlobalIDString = A1C8629B20F200560053907F;
			remoteInfo = POPList;
		};
		A1C862BC20F200570053907F /* PBXContainerItemProxy */ = {
			isa = PBXContainerItemProxy;
			containerPortal = A1C8629420F200560053907F /* Project object */;
			proxyType = 1;
			remoteGlobalIDString = A1C8629B20F200560053907F;
			remoteInfo = POPList;
		};
/* End PBXContainerItemProxy section */

/* Begin PBXFileReference section */
		A1C8629C20F200560053907F /* POPList.app */ = {isa = PBXFileReference; explicitFileType = wrapper.application; includeInIndex = 0; path = POPList.app; sourceTree = BUILT_PRODUCTS_DIR; };
		A1C8629F20F200560053907F /* AppDelegate.swift */ = {isa = PBXFileReference; lastKnownFileType = sourcecode.swift; path = AppDelegate.swift; sourceTree = "<group>"; };
		A1C862A120F200560053907F /* ViewController.swift */ = {isa = PBXFileReference; lastKnownFileType = sourcecode.swift; path = ViewController.swift; sourceTree = "<group>"; };
		A1C862A420F200560053907F /* Base */ = {isa = PBXFileReference; lastKnownFileType = file.storyboard; name = Base; path = Base.lproj/Main.storyboard; sourceTree = "<group>"; };
		A1C862A620F200570053907F /* Assets.xcassets */ = {isa = PBXFileReference; lastKnownFileType = folder.assetcatalog; path = Assets.xcassets; sourceTree = "<group>"; };
		A1C862A920F200570053907F /* Base */ = {isa = PBXFileReference; lastKnownFileType = file.storyboard; name = Base; path = Base.lproj/LaunchScreen.storyboard; sourceTree = "<group>"; };
		A1C862AB20F200570053907F /* Info.plist */ = {isa = PBXFileReference; lastKnownFileType = text.plist.xml; path = Info.plist; sourceTree = "<group>"; };
		A1C862B020F200570053907F /* POPListTests.xctest */ = {isa = PBXFileReference; explicitFileType = wrapper.cfbundle; includeInIndex = 0; path = POPListTests.xctest; sourceTree = BUILT_PRODUCTS_DIR; };
		A1C862B420F200570053907F /* POPListTests.swift */ = {isa = PBXFileReference; lastKnownFileType = sourcecode.swift; path = POPListTests.swift; sourceTree = "<group>"; };
		A1C862B620F200570053907F /* Info.plist */ = {isa = PBXFileReference; lastKnownFileType = text.plist.xml; path = Info.plist; sourceTree = "<group>"; };
		A1C862BB20F200570053907F /* POPListUITests.xctest */ = {isa = PBXFileReference; explicitFileType = wrapper.cfbundle; includeInIndex = 0; path = POPListUITests.xctest; sourceTree = BUILT_PRODUCTS_DIR; };
		A1C862BF20F200570053907F /* POPListUITests.swift */ = {isa = PBXFileReference; lastKnownFileType = sourcecode.swift; path = POPListUITests.swift; sourceTree = "<group>"; };
		A1C862C120F200570053907F /* Info.plist */ = {isa = PBXFileReference; lastKnownFileType = text.plist.xml; path = Info.plist; sourceTree = "<group>"; };
		A1C862CD20F2038F0053907F /* TimelineTableViewController.swift */ = {isa = PBXFileReference; lastKnownFileType = sourcecode.swift; path = TimelineTableViewController.swift; sourceTree = "<group>"; };
		A1C862D120F205580053907F /* ContainContents.swift */ = {isa = PBXFileReference; lastKnownFileType = sourcecode.swift; path = ContainContents.swift; sourceTree = "<group>"; };
		A1C862D420F205A40053907F /* TimelineContents.swift */ = {isa = PBXFileReference; lastKnownFileType = sourcecode.swift; path = TimelineContents.swift; sourceTree = "<group>"; };
		A1C862D620F206130053907F /* Content.swift */ = {isa = PBXFileReference; lastKnownFileType = sourcecode.swift; path = Content.swift; sourceTree = "<group>"; };
		A1C862DA20F207B10053907F /* 3.m4v */ = {isa = PBXFileReference; lastKnownFileType = file; path = 3.m4v; sourceTree = "<group>"; };
		A1C862DC20F207B10053907F /* 2.jpg */ = {isa = PBXFileReference; lastKnownFileType = image.jpeg; path = 2.jpg; sourceTree = "<group>"; };
		A1C862DD20F207B10053907F /* 1.jpg */ = {isa = PBXFileReference; lastKnownFileType = image.jpeg; path = 1.jpg; sourceTree = "<group>"; };
		A1C862DE20F207B10053907F /* 0.jpg */ = {isa = PBXFileReference; lastKnownFileType = image.jpeg; path = 0.jpg; sourceTree = "<group>"; };
		A1C862E420F20AF80053907F /* TimelineTableViewCell.swift */ = {isa = PBXFileReference; lastKnownFileType = sourcecode.swift; path = TimelineTableViewCell.swift; sourceTree = "<group>"; };
		A1C862E620F20DC00053907F /* CanShowDetail.swift */ = {isa = PBXFileReference; lastKnownFileType = sourcecode.swift; path = CanShowDetail.swift; sourceTree = "<group>"; };
		A1C862E820F212C60053907F /* MediaContainer.swift */ = {isa = PBXFileReference; lastKnownFileType = sourcecode.swift; path = MediaContainer.swift; sourceTree = "<group>"; };
		A1C862EA20F213490053907F /* ContentPresentable.swift */ = {isa = PBXFileReference; lastKnownFileType = sourcecode.swift; path = ContentPresentable.swift; sourceTree = "<group>"; };
/* End PBXFileReference section */

/* Begin PBXFrameworksBuildPhase section */
		A1C8629920F200560053907F /* Frameworks */ = {
			isa = PBXFrameworksBuildPhase;
			buildActionMask = 2147483647;
			files = (
			);
			runOnlyForDeploymentPostprocessing = 0;
		};
		A1C862AD20F200570053907F /* Frameworks */ = {
			isa = PBXFrameworksBuildPhase;
			buildActionMask = 2147483647;
			files = (
			);
			runOnlyForDeploymentPostprocessing = 0;
		};
		A1C862B820F200570053907F /* Frameworks */ = {
			isa = PBXFrameworksBuildPhase;
			buildActionMask = 2147483647;
			files = (
			);
			runOnlyForDeploymentPostprocessing = 0;
		};
/* End PBXFrameworksBuildPhase section */

/* Begin PBXGroup section */
		A1C8629320F200560053907F = {
			isa = PBXGroup;
			children = (
				A1C8629E20F200560053907F /* POPList */,
				A1C862B320F200570053907F /* POPListTests */,
				A1C862BE20F200570053907F /* POPListUITests */,
				A1C8629D20F200560053907F /* Products */,
			);
			sourceTree = "<group>";
		};
		A1C8629D20F200560053907F /* Products */ = {
			isa = PBXGroup;
			children = (
				A1C8629C20F200560053907F /* POPList.app */,
				A1C862B020F200570053907F /* POPListTests.xctest */,
				A1C862BB20F200570053907F /* POPListUITests.xctest */,
			);
			name = Products;
			sourceTree = "<group>";
		};
		A1C8629E20F200560053907F /* POPList */ = {
			isa = PBXGroup;
			children = (
				A1C8629F20F200560053907F /* AppDelegate.swift */,
				A1C862D020F205450053907F /* ProtocolExtension */,
				A1C862D320F205930053907F /* Model */,
				A1C862CF20F204440053907F /* Controller */,
				A1C862E320F20ACD0053907F /* View */,
				A1C862D820F207650053907F /* Supporting Files */,
				A1C862A320F200560053907F /* Main.storyboard */,
				A1C862A620F200570053907F /* Assets.xcassets */,
				A1C862A820F200570053907F /* LaunchScreen.storyboard */,
				A1C862AB20F200570053907F /* Info.plist */,
			);
			path = POPList;
			sourceTree = "<group>";
		};
		A1C862B320F200570053907F /* POPListTests */ = {
			isa = PBXGroup;
			children = (
				A1C862B420F200570053907F /* POPListTests.swift */,
				A1C862B620F200570053907F /* Info.plist */,
			);
			path = POPListTests;
			sourceTree = "<group>";
		};
		A1C862BE20F200570053907F /* POPListUITests */ = {
			isa = PBXGroup;
			children = (
				A1C862BF20F200570053907F /* POPListUITests.swift */,
				A1C862C120F200570053907F /* Info.plist */,
			);
			path = POPListUITests;
			sourceTree = "<group>";
		};
		A1C862CF20F204440053907F /* Controller */ = {
			isa = PBXGroup;
			children = (
				A1C862A120F200560053907F /* ViewController.swift */,
				A1C862CD20F2038F0053907F /* TimelineTableViewController.swift */,
			);
			path = Controller;
			sourceTree = "<group>";
		};
		A1C862D020F205450053907F /* ProtocolExtension */ = {
			isa = PBXGroup;
			children = (
				A1C862D120F205580053907F /* ContainContents.swift */,
				A1C862E620F20DC00053907F /* CanShowDetail.swift */,
				A1C862E820F212C60053907F /* MediaContainer.swift */,
				A1C862EA20F213490053907F /* ContentPresentable.swift */,
			);
			path = ProtocolExtension;
			sourceTree = "<group>";
		};
		A1C862D320F205930053907F /* Model */ = {
			isa = PBXGroup;
			children = (
				A1C862D420F205A40053907F /* TimelineContents.swift */,
				A1C862D620F206130053907F /* Content.swift */,
			);
			path = Model;
			sourceTree = "<group>";
		};
		A1C862D820F207650053907F /* Supporting Files */ = {
			isa = PBXGroup;
			children = (
				A1C862DB20F207B10053907F /* images */,
				A1C862D920F207B10053907F /* videos */,
			);
			path = "Supporting Files";
			sourceTree = "<group>";
		};
		A1C862D920F207B10053907F /* videos */ = {
			isa = PBXGroup;
			children = (
				A1C862DA20F207B10053907F /* 3.m4v */,
			);
			path = videos;
			sourceTree = "<group>";
		};
		A1C862DB20F207B10053907F /* images */ = {
			isa = PBXGroup;
			children = (
				A1C862DC20F207B10053907F /* 2.jpg */,
				A1C862DD20F207B10053907F /* 1.jpg */,
				A1C862DE20F207B10053907F /* 0.jpg */,
			);
			path = images;
			sourceTree = "<group>";
		};
		A1C862E320F20ACD0053907F /* View */ = {
			isa = PBXGroup;
			children = (
				A1C862E420F20AF80053907F /* TimelineTableViewCell.swift */,
			);
			path = View;
			sourceTree = "<group>";
		};
/* End PBXGroup section */

/* Begin PBXNativeTarget section */
		A1C8629B20F200560053907F /* POPList */ = {
			isa = PBXNativeTarget;
			buildConfigurationList = A1C862C420F200570053907F /* Build configuration list for PBXNativeTarget "POPList" */;
			buildPhases = (
				A1C8629820F200560053907F /* Sources */,
				A1C8629920F200560053907F /* Frameworks */,
				A1C8629A20F200560053907F /* Resources */,
			);
			buildRules = (
			);
			dependencies = (
			);
			name = POPList;
			productName = POPList;
			productReference = A1C8629C20F200560053907F /* POPList.app */;
			productType = "com.apple.product-type.application";
		};
		A1C862AF20F200570053907F /* POPListTests */ = {
			isa = PBXNativeTarget;
			buildConfigurationList = A1C862C720F200570053907F /* Build configuration list for PBXNativeTarget "POPListTests" */;
			buildPhases = (
				A1C862AC20F200570053907F /* Sources */,
				A1C862AD20F200570053907F /* Frameworks */,
				A1C862AE20F200570053907F /* Resources */,
			);
			buildRules = (
			);
			dependencies = (
				A1C862B220F200570053907F /* PBXTargetDependency */,
			);
			name = POPListTests;
			productName = POPListTests;
			productReference = A1C862B020F200570053907F /* POPListTests.xctest */;
			productType = "com.apple.product-type.bundle.unit-test";
		};
		A1C862BA20F200570053907F /* POPListUITests */ = {
			isa = PBXNativeTarget;
			buildConfigurationList = A1C862CA20F200570053907F /* Build configuration list for PBXNativeTarget "POPListUITests" */;
			buildPhases = (
				A1C862B720F200570053907F /* Sources */,
				A1C862B820F200570053907F /* Frameworks */,
				A1C862B920F200570053907F /* Resources */,
			);
			buildRules = (
			);
			dependencies = (
				A1C862BD20F200570053907F /* PBXTargetDependency */,
			);
			name = POPListUITests;
			productName = POPListUITests;
			productReference = A1C862BB20F200570053907F /* POPListUITests.xctest */;
			productType = "com.apple.product-type.bundle.ui-testing";
		};
/* End PBXNativeTarget section */

/* Begin PBXProject section */
		A1C8629420F200560053907F /* Project object */ = {
			isa = PBXProject;
			attributes = {
				LastSwiftUpdateCheck = 0940;
				LastUpgradeCheck = 0940;
				ORGANIZATIONNAME = "Haehyeon Jeong";
				TargetAttributes = {
					A1C8629B20F200560053907F = {
						CreatedOnToolsVersion = 9.4.1;
					};
					A1C862AF20F200570053907F = {
						CreatedOnToolsVersion = 9.4.1;
						TestTargetID = A1C8629B20F200560053907F;
					};
					A1C862BA20F200570053907F = {
						CreatedOnToolsVersion = 9.4.1;
						TestTargetID = A1C8629B20F200560053907F;
					};
				};
			};
			buildConfigurationList = A1C8629720F200560053907F /* Build configuration list for PBXProject "POPList" */;
			compatibilityVersion = "Xcode 9.3";
			developmentRegion = en;
			hasScannedForEncodings = 0;
			knownRegions = (
				en,
				Base,
			);
			mainGroup = A1C8629320F200560053907F;
			productRefGroup = A1C8629D20F200560053907F /* Products */;
			projectDirPath = "";
			projectRoot = "";
			targets = (
				A1C8629B20F200560053907F /* POPList */,
				A1C862AF20F200570053907F /* POPListTests */,
				A1C862BA20F200570053907F /* POPListUITests */,
			);
		};
/* End PBXProject section */

/* Begin PBXResourcesBuildPhase section */
		A1C8629A20F200560053907F /* Resources */ = {
			isa = PBXResourcesBuildPhase;
			buildActionMask = 2147483647;
			files = (
				A1C862AA20F200570053907F /* LaunchScreen.storyboard in Resources */,
				A1C862DF20F207B10053907F /* 3.m4v in Resources */,
				A1C862E020F207B10053907F /* 2.jpg in Resources */,
				A1C862E220F207B10053907F /* 0.jpg in Resources */,
				A1C862E120F207B10053907F /* 1.jpg in Resources */,
				A1C862A720F200570053907F /* Assets.xcassets in Resources */,
				A1C862A520F200560053907F /* Main.storyboard in Resources */,
			);
			runOnlyForDeploymentPostprocessing = 0;
		};
		A1C862AE20F200570053907F /* Resources */ = {
			isa = PBXResourcesBuildPhase;
			buildActionMask = 2147483647;
			files = (
			);
			runOnlyForDeploymentPostprocessing = 0;
		};
		A1C862B920F200570053907F /* Resources */ = {
			isa = PBXResourcesBuildPhase;
			buildActionMask = 2147483647;
			files = (
			);
			runOnlyForDeploymentPostprocessing = 0;
		};
/* End PBXResourcesBuildPhase section */

/* Begin PBXSourcesBuildPhase section */
		A1C8629820F200560053907F /* Sources */ = {
			isa = PBXSourcesBuildPhase;
			buildActionMask = 2147483647;
			files = (
				A1C862E520F20AF80053907F /* TimelineTableViewCell.swift in Sources */,
				A1C862A220F200560053907F /* ViewController.swift in Sources */,
				A1C862CE20F2038F0053907F /* TimelineTableViewController.swift in Sources */,
				A1C862D220F205580053907F /* ContainContents.swift in Sources */,
				A1C862E720F20DC00053907F /* CanShowDetail.swift in Sources */,
				A1C862A020F200560053907F /* AppDelegate.swift in Sources */,
				A1C862D520F205A40053907F /* TimelineContents.swift in Sources */,
				A1C862EB20F213490053907F /* ContentPresentable.swift in Sources */,
				A1C862D720F206130053907F /* Content.swift in Sources */,
				A1C862E920F212C60053907F /* MediaContainer.swift in Sources */,
			);
			runOnlyForDeploymentPostprocessing = 0;
		};
		A1C862AC20F200570053907F /* Sources */ = {
			isa = PBXSourcesBuildPhase;
			buildActionMask = 2147483647;
			files = (
				A1C862B520F200570053907F /* POPListTests.swift in Sources */,
			);
			runOnlyForDeploymentPostprocessing = 0;
		};
		A1C862B720F200570053907F /* Sources */ = {
			isa = PBXSourcesBuildPhase;
			buildActionMask = 2147483647;
			files = (
				A1C862C020F200570053907F /* POPListUITests.swift in Sources */,
			);
			runOnlyForDeploymentPostprocessing = 0;
		};
/* End PBXSourcesBuildPhase section */

/* Begin PBXTargetDependency section */
		A1C862B220F200570053907F /* PBXTargetDependency */ = {
			isa = PBXTargetDependency;
			target = A1C8629B20F200560053907F /* POPList */;
			targetProxy = A1C862B120F200570053907F /* PBXContainerItemProxy */;
		};
		A1C862BD20F200570053907F /* PBXTargetDependency */ = {
			isa = PBXTargetDependency;
			target = A1C8629B20F200560053907F /* POPList */;
			targetProxy = A1C862BC20F200570053907F /* PBXContainerItemProxy */;
		};
/* End PBXTargetDependency section */

/* Begin PBXVariantGroup section */
		A1C862A320F200560053907F /* Main.storyboard */ = {
			isa = PBXVariantGroup;
			children = (
				A1C862A420F200560053907F /* Base */,
			);
			name = Main.storyboard;
			sourceTree = "<group>";
		};
		A1C862A820F200570053907F /* LaunchScreen.storyboard */ = {
			isa = PBXVariantGroup;
			children = (
				A1C862A920F200570053907F /* Base */,
			);
			name = LaunchScreen.storyboard;
			sourceTree = "<group>";
		};
/* End PBXVariantGroup section */

/* Begin XCBuildConfiguration section */
		A1C862C220F200570053907F /* Debug */ = {
			isa = XCBuildConfiguration;
			buildSettings = {
				ALWAYS_SEARCH_USER_PATHS = NO;
				CLANG_ANALYZER_NONNULL = YES;
				CLANG_ANALYZER_NUMBER_OBJECT_CONVERSION = YES_AGGRESSIVE;
				CLANG_CXX_LANGUAGE_STANDARD = "gnu++14";
				CLANG_CXX_LIBRARY = "libc++";
				CLANG_ENABLE_MODULES = YES;
				CLANG_ENABLE_OBJC_ARC = YES;
				CLANG_ENABLE_OBJC_WEAK = YES;
				CLANG_WARN_BLOCK_CAPTURE_AUTORELEASING = YES;
				CLANG_WARN_BOOL_CONVERSION = YES;
				CLANG_WARN_COMMA = YES;
				CLANG_WARN_CONSTANT_CONVERSION = YES;
				CLANG_WARN_DEPRECATED_OBJC_IMPLEMENTATIONS = YES;
				CLANG_WARN_DIRECT_OBJC_ISA_USAGE = YES_ERROR;
				CLANG_WARN_DOCUMENTATION_COMMENTS = YES;
				CLANG_WARN_EMPTY_BODY = YES;
				CLANG_WARN_ENUM_CONVERSION = YES;
				CLANG_WARN_INFINITE_RECURSION = YES;
				CLANG_WARN_INT_CONVERSION = YES;
				CLANG_WARN_NON_LITERAL_NULL_CONVERSION = YES;
				CLANG_WARN_OBJC_IMPLICIT_RETAIN_SELF = YES;
				CLANG_WARN_OBJC_LITERAL_CONVERSION = YES;
				CLANG_WARN_OBJC_ROOT_CLASS = YES_ERROR;
				CLANG_WARN_RANGE_LOOP_ANALYSIS = YES;
				CLANG_WARN_STRICT_PROTOTYPES = YES;
				CLANG_WARN_SUSPICIOUS_MOVE = YES;
				CLANG_WARN_UNGUARDED_AVAILABILITY = YES_AGGRESSIVE;
				CLANG_WARN_UNREACHABLE_CODE = YES;
				CLANG_WARN__DUPLICATE_METHOD_MATCH = YES;
				CODE_SIGN_IDENTITY = "iPhone Developer";
				COPY_PHASE_STRIP = NO;
				DEBUG_INFORMATION_FORMAT = dwarf;
				ENABLE_STRICT_OBJC_MSGSEND = YES;
				ENABLE_TESTABILITY = YES;
				GCC_C_LANGUAGE_STANDARD = gnu11;
				GCC_DYNAMIC_NO_PIC = NO;
				GCC_NO_COMMON_BLOCKS = YES;
				GCC_OPTIMIZATION_LEVEL = 0;
				GCC_PREPROCESSOR_DEFINITIONS = (
					"DEBUG=1",
					"$(inherited)",
				);
				GCC_WARN_64_TO_32_BIT_CONVERSION = YES;
				GCC_WARN_ABOUT_RETURN_TYPE = YES_ERROR;
				GCC_WARN_UNDECLARED_SELECTOR = YES;
				GCC_WARN_UNINITIALIZED_AUTOS = YES_AGGRESSIVE;
				GCC_WARN_UNUSED_FUNCTION = YES;
				GCC_WARN_UNUSED_VARIABLE = YES;
				IPHONEOS_DEPLOYMENT_TARGET = 11.4;
				MTL_ENABLE_DEBUG_INFO = YES;
				ONLY_ACTIVE_ARCH = YES;
				SDKROOT = iphoneos;
				SWIFT_ACTIVE_COMPILATION_CONDITIONS = DEBUG;
				SWIFT_OPTIMIZATION_LEVEL = "-Onone";
			};
			name = Debug;
		};
		A1C862C320F200570053907F /* Release */ = {
			isa = XCBuildConfiguration;
			buildSettings = {
				ALWAYS_SEARCH_USER_PATHS = NO;
				CLANG_ANALYZER_NONNULL = YES;
				CLANG_ANALYZER_NUMBER_OBJECT_CONVERSION = YES_AGGRESSIVE;
				CLANG_CXX_LANGUAGE_STANDARD = "gnu++14";
				CLANG_CXX_LIBRARY = "libc++";
				CLANG_ENABLE_MODULES = YES;
				CLANG_ENABLE_OBJC_ARC = YES;
				CLANG_ENABLE_OBJC_WEAK = YES;
				CLANG_WARN_BLOCK_CAPTURE_AUTORELEASING = YES;
				CLANG_WARN_BOOL_CONVERSION = YES;
				CLANG_WARN_COMMA = YES;
				CLANG_WARN_CONSTANT_CONVERSION = YES;
				CLANG_WARN_DEPRECATED_OBJC_IMPLEMENTATIONS = YES;
				CLANG_WARN_DIRECT_OBJC_ISA_USAGE = YES_ERROR;
				CLANG_WARN_DOCUMENTATION_COMMENTS = YES;
				CLANG_WARN_EMPTY_BODY = YES;
				CLANG_WARN_ENUM_CONVERSION = YES;
				CLANG_WARN_INFINITE_RECURSION = YES;
				CLANG_WARN_INT_CONVERSION = YES;
				CLANG_WARN_NON_LITERAL_NULL_CONVERSION = YES;
				CLANG_WARN_OBJC_IMPLICIT_RETAIN_SELF = YES;
				CLANG_WARN_OBJC_LITERAL_CONVERSION = YES;
				CLANG_WARN_OBJC_ROOT_CLASS = YES_ERROR;
				CLANG_WARN_RANGE_LOOP_ANALYSIS = YES;
				CLANG_WARN_STRICT_PROTOTYPES = YES;
				CLANG_WARN_SUSPICIOUS_MOVE = YES;
				CLANG_WARN_UNGUARDED_AVAILABILITY = YES_AGGRESSIVE;
				CLANG_WARN_UNREACHABLE_CODE = YES;
				CLANG_WARN__DUPLICATE_METHOD_MATCH = YES;
				CODE_SIGN_IDENTITY = "iPhone Developer";
				COPY_PHASE_STRIP = NO;
				DEBUG_INFORMATION_FORMAT = "dwarf-with-dsym";
				ENABLE_NS_ASSERTIONS = NO;
				ENABLE_STRICT_OBJC_MSGSEND = YES;
				GCC_C_LANGUAGE_STANDARD = gnu11;
				GCC_NO_COMMON_BLOCKS = YES;
				GCC_WARN_64_TO_32_BIT_CONVERSION = YES;
				GCC_WARN_ABOUT_RETURN_TYPE = YES_ERROR;
				GCC_WARN_UNDECLARED_SELECTOR = YES;
				GCC_WARN_UNINITIALIZED_AUTOS = YES_AGGRESSIVE;
				GCC_WARN_UNUSED_FUNCTION = YES;
				GCC_WARN_UNUSED_VARIABLE = YES;
				IPHONEOS_DEPLOYMENT_TARGET = 11.4;
				MTL_ENABLE_DEBUG_INFO = NO;
				SDKROOT = iphoneos;
				SWIFT_COMPILATION_MODE = wholemodule;
				SWIFT_OPTIMIZATION_LEVEL = "-O";
				VALIDATE_PRODUCT = YES;
			};
			name = Release;
		};
		A1C862C520F200570053907F /* Debug */ = {
			isa = XCBuildConfiguration;
			buildSettings = {
				ASSETCATALOG_COMPILER_APPICON_NAME = AppIcon;
				CODE_SIGN_STYLE = Automatic;
				INFOPLIST_FILE = POPList/Info.plist;
				LD_RUNPATH_SEARCH_PATHS = (
					"$(inherited)",
					"@executable_path/Frameworks",
				);
				PRODUCT_BUNDLE_IDENTIFIER = jhh.POPList;
				PRODUCT_NAME = "$(TARGET_NAME)";
				SWIFT_VERSION = 4.0;
				TARGETED_DEVICE_FAMILY = "1,2";
			};
			name = Debug;
		};
		A1C862C620F200570053907F /* Release */ = {
			isa = XCBuildConfiguration;
			buildSettings = {
				ASSETCATALOG_COMPILER_APPICON_NAME = AppIcon;
				CODE_SIGN_STYLE = Automatic;
				INFOPLIST_FILE = POPList/Info.plist;
				LD_RUNPATH_SEARCH_PATHS = (
					"$(inherited)",
					"@executable_path/Frameworks",
				);
				PRODUCT_BUNDLE_IDENTIFIER = jhh.POPList;
				PRODUCT_NAME = "$(TARGET_NAME)";
				SWIFT_VERSION = 4.0;
				TARGETED_DEVICE_FAMILY = "1,2";
			};
			name = Release;
		};
		A1C862C820F200570053907F /* Debug */ = {
			isa = XCBuildConfiguration;
			buildSettings = {
				ALWAYS_EMBED_SWIFT_STANDARD_LIBRARIES = YES;
				BUNDLE_LOADER = "$(TEST_HOST)";
				CODE_SIGN_STYLE = Automatic;
				INFOPLIST_FILE = POPListTests/Info.plist;
				LD_RUNPATH_SEARCH_PATHS = (
					"$(inherited)",
					"@executable_path/Frameworks",
					"@loader_path/Frameworks",
				);
				PRODUCT_BUNDLE_IDENTIFIER = jhh.POPListTests;
				PRODUCT_NAME = "$(TARGET_NAME)";
				SWIFT_VERSION = 4.0;
				TARGETED_DEVICE_FAMILY = "1,2";
				TEST_HOST = "$(BUILT_PRODUCTS_DIR)/POPList.app/POPList";
			};
			name = Debug;
		};
		A1C862C920F200570053907F /* Release */ = {
			isa = XCBuildConfiguration;
			buildSettings = {
				ALWAYS_EMBED_SWIFT_STANDARD_LIBRARIES = YES;
				BUNDLE_LOADER = "$(TEST_HOST)";
				CODE_SIGN_STYLE = Automatic;
				INFOPLIST_FILE = POPListTests/Info.plist;
				LD_RUNPATH_SEARCH_PATHS = (
					"$(inherited)",
					"@executable_path/Frameworks",
					"@loader_path/Frameworks",
				);
				PRODUCT_BUNDLE_IDENTIFIER = jhh.POPListTests;
				PRODUCT_NAME = "$(TARGET_NAME)";
				SWIFT_VERSION = 4.0;
				TARGETED_DEVICE_FAMILY = "1,2";
				TEST_HOST = "$(BUILT_PRODUCTS_DIR)/POPList.app/POPList";
			};
			name = Release;
		};
		A1C862CB20F200570053907F /* Debug */ = {
			isa = XCBuildConfiguration;
			buildSettings = {
				ALWAYS_EMBED_SWIFT_STANDARD_LIBRARIES = YES;
				CODE_SIGN_STYLE = Automatic;
				INFOPLIST_FILE = POPListUITests/Info.plist;
				LD_RUNPATH_SEARCH_PATHS = (
					"$(inherited)",
					"@executable_path/Frameworks",
					"@loader_path/Frameworks",
				);
				PRODUCT_BUNDLE_IDENTIFIER = jhh.POPListUITests;
				PRODUCT_NAME = "$(TARGET_NAME)";
				SWIFT_VERSION = 4.0;
				TARGETED_DEVICE_FAMILY = "1,2";
				TEST_TARGET_NAME = POPList;
			};
			name = Debug;
		};
		A1C862CC20F200570053907F /* Release */ = {
			isa = XCBuildConfiguration;
			buildSettings = {
				ALWAYS_EMBED_SWIFT_STANDARD_LIBRARIES = YES;
				CODE_SIGN_STYLE = Automatic;
				INFOPLIST_FILE = POPListUITests/Info.plist;
				LD_RUNPATH_SEARCH_PATHS = (
					"$(inherited)",
					"@executable_path/Frameworks",
					"@loader_path/Frameworks",
				);
				PRODUCT_BUNDLE_IDENTIFIER = jhh.POPListUITests;
				PRODUCT_NAME = "$(TARGET_NAME)";
				SWIFT_VERSION = 4.0;
				TARGETED_DEVICE_FAMILY = "1,2";
				TEST_TARGET_NAME = POPList;
			};
			name = Release;
		};
/* End XCBuildConfiguration section */

/* Begin XCConfigurationList section */
		A1C8629720F200560053907F /* Build configuration list for PBXProject "POPList" */ = {
			isa = XCConfigurationList;
			buildConfigurations = (
				A1C862C220F200570053907F /* Debug */,
				A1C862C320F200570053907F /* Release */,
			);
			defaultConfigurationIsVisible = 0;
			defaultConfigurationName = Release;
		};
		A1C862C420F200570053907F /* Build configuration list for PBXNativeTarget "POPList" */ = {
			isa = XCConfigurationList;
			buildConfigurations = (
				A1C862C520F200570053907F /* Debug */,
				A1C862C620F200570053907F /* Release */,
			);
			defaultConfigurationIsVisible = 0;
			defaultConfigurationName = Release;
		};
		A1C862C720F200570053907F /* Build configuration list for PBXNativeTarget "POPListTests" */ = {
			isa = XCConfigurationList;
			buildConfigurations = (
				A1C862C820F200570053907F /* Debug */,
				A1C862C920F200570053907F /* Release */,
			);
			defaultConfigurationIsVisible = 0;
			defaultConfigurationName = Release;
		};
		A1C862CA20F200570053907F /* Build configuration list for PBXNativeTarget "POPListUITests" */ = {
			isa = XCConfigurationList;
			buildConfigurations = (
				A1C862CB20F200570053907F /* Debug */,
				A1C862CC20F200570053907F /* Release */,
			);
			defaultConfigurationIsVisible = 0;
			defaultConfigurationName = Release;
		};
/* End XCConfigurationList section */
	};
	rootObject = A1C8629420F200560053907F /* Project object */;
}
